
Microsoft Visual Studio Solution File, Format Version 12.00
Project("{FAE04EC0-301F-11D3-BF4B-00C04F79EFBC}") = "myRender", "myRender\myRender.csproj", "{F97CF852-5FF9-4740-ACDB-E901E3E84311}"
EndProject
Project("{FAE04EC0-301F-11D3-BF4B-00C04F79EFBC}") = "Pac", "Pac\Pac.csproj", "{C267DD58-A090-4604-8CA1-605472AE772E}"
EndProject
Project("{2150E333-8FDC-42A3-9474-1A3956D46DE8}") = "myRenderRestruct", "myRenderRestruct", "{2387C5E1-EE43-4F66-ABCF-2D7B83F32985}"
EndProject
Project("{FAE04EC0-301F-11D3-BF4B-00C04F79EFBC}") = "MyMath", "MyMath\MyMath.csproj", "{7713164F-A974-47A2-B920-6B61E30B4D92}"
EndProject
Global
	GlobalSection(SolutionConfigurationPlatforms) = preSolution
		Debug|Any CPU = Debug|Any CPU
		Release|Any CPU = Release|Any CPU
	EndGlobalSection
	GlobalSection(ProjectConfigurationPlatforms) = postSolution
		{F97CF852-5FF9-4740-ACDB-E901E3E84311}.Debug|Any CPU.ActiveCfg = Debug|Any CPU
		{F97CF852-5FF9-4740-ACDB-E901E3E84311}.Debug|Any CPU.Build.0 = Debug|Any CPU
		{F97CF852-5FF9-4740-ACDB-E901E3E84311}.Release|Any CPU.ActiveCfg = Release|Any CPU
		{F97CF852-5FF9-4740-ACDB-E901E3E84311}.Release|Any CPU.Build.0 = Release|Any CPU
		{C267DD58-A090-4604-8CA1-605472AE772E}.Debug|Any CPU.ActiveCfg = Debug|Any CPU
		{C267DD58-A090-4604-8CA1-605472AE772E}.Debug|Any CPU.Build.0 = Debug|Any CPU
		{C267DD58-A090-4604-8CA1-605472AE772E}.Release|Any CPU.ActiveCfg = Release|Any CPU
		{C267DD58-A090-4604-8CA1-605472AE772E}.Release|Any CPU.Build.0 = Release|Any CPU
		{7713164F-A974-47A2-B920-6B61E30B4D92}.Debug|Any CPU.ActiveCfg = Debug|Any CPU
		{7713164F-A974-47A2-B920-6B61E30B4D92}.Debug|Any CPU.Build.0 = Debug|Any CPU
		{7713164F-A974-47A2-B920-6B61E30B4D92}.Release|Any CPU.ActiveCfg = Release|Any CPU
		{7713164F-A974-47A2-B920-6B61E30B4D92}.Release|Any CPU.Build.0 = Release|Any CPU
	EndGlobalSection
	GlobalSection(NestedProjects) = preSolution
		{7713164F-A974-47A2-B920-6B61E30B4D92} = {2387C5E1-EE43-4F66-ABCF-2D7B83F32985}
	EndGlobalSection
EndGlobal
